PODS:
  - Alamofire (4.5.1)
  - AlamofireNetworkActivityIndicator (2.2.0):
    - Alamofire (~> 4.5)
  - SegueWithCompletion (0.1.6)
  - Swinject (2.1.1)
  - SwinjectStoryboard (1.1.2):
    - Swinject (~> 2.1)

DEPENDENCIES:
  - Alamofire (~> 4.5.1)
  - AlamofireNetworkActivityIndicator (~> 2.2.0)
  - SegueWithCompletion
  - Swinject (~> 2.1.1)
  - SwinjectStoryboard (~> 1.1.2)

SPEC CHECKSUMS:
  Alamofire: 2d95912bf4c34f164fdfc335872e8c312acaea4a
  AlamofireNetworkActivityIndicator: 81e1630e7cfed22a4e4e82a174c59e651dc4f8ca
  SegueWithCompletion: e18763a8c4b99e18fa9b0e2239b8fd71e7d52c5a
  Swinject: afea49fd95f392b41171669f165842879c48fad6
  SwinjectStoryboard: 92e75763c3299cdf627bef98a5180dc894864336

PODFILE CHECKSUM: 862b4dfddbd176f7bda4bbfbb0062965321f3d38

COCOAPODS: 1.4.0
